
Microsoft Visual Studio Solution File, Format Version 12.00
# Visual Studio Version 16
VisualStudioVersion = 16.0.30114.105
MinimumVisualStudioVersion = 10.0.40219.1
Project("{FAE04EC0-301F-11D3-BF4B-00C04F79EFBC}") = "Persistencia", "Persistencia\Persistencia.csproj", "{51BE2B51-4076-42F1-9D71-632391564CAB}"
EndProject
Project("{FAE04EC0-301F-11D3-BF4B-00C04F79EFBC}") = "Dominio", "Dominio\Dominio.csproj", "{C07D6307-15ED-4112-8A59-ABE1615C1C36}"
EndProject
Project("{FAE04EC0-301F-11D3-BF4B-00C04F79EFBC}") = "FrontEnd", "FrontEnd\FrontEnd.csproj", "{60683C5A-C88D-4BFF-9929-89A9A1906759}"
EndProject
Global
	GlobalSection(SolutionConfigurationPlatforms) = preSolution
		Debug|Any CPU = Debug|Any CPU
		Debug|x64 = Debug|x64
		Debug|x86 = Debug|x86
		Release|Any CPU = Release|Any CPU
		Release|x64 = Release|x64
		Release|x86 = Release|x86
	EndGlobalSection
	GlobalSection(SolutionProperties) = preSolution
		HideSolutionNode = FALSE
	EndGlobalSection
	GlobalSection(ProjectConfigurationPlatforms) = postSolution
		{51BE2B51-4076-42F1-9D71-632391564CAB}.Debug|Any CPU.ActiveCfg = Debug|Any CPU
		{51BE2B51-4076-42F1-9D71-632391564CAB}.Debug|Any CPU.Build.0 = Debug|Any CPU
		{51BE2B51-4076-42F1-9D71-632391564CAB}.Debug|x64.ActiveCfg = Debug|Any CPU
		{51BE2B51-4076-42F1-9D71-632391564CAB}.Debug|x64.Build.0 = Debug|Any CPU
		{51BE2B51-4076-42F1-9D71-632391564CAB}.Debug|x86.ActiveCfg = Debug|Any CPU
		{51BE2B51-4076-42F1-9D71-632391564CAB}.Debug|x86.Build.0 = Debug|Any CPU
		{51BE2B51-4076-42F1-9D71-632391564CAB}.Release|Any CPU.ActiveCfg = Release|Any CPU
		{51BE2B51-4076-42F1-9D71-632391564CAB}.Release|Any CPU.Build.0 = Release|Any CPU
		{51BE2B51-4076-42F1-9D71-632391564CAB}.Release|x64.ActiveCfg = Release|Any CPU
		{51BE2B51-4076-42F1-9D71-632391564CAB}.Release|x64.Build.0 = Release|Any CPU
		{51BE2B51-4076-42F1-9D71-632391564CAB}.Release|x86.ActiveCfg = Release|Any CPU
		{51BE2B51-4076-42F1-9D71-632391564CAB}.Release|x86.Build.0 = Release|Any CPU
		{C07D6307-15ED-4112-8A59-ABE1615C1C36}.Debug|Any CPU.ActiveCfg = Debug|Any CPU
		{C07D6307-15ED-4112-8A59-ABE1615C1C36}.Debug|Any CPU.Build.0 = Debug|Any CPU
		{C07D6307-15ED-4112-8A59-ABE1615C1C36}.Debug|x64.ActiveCfg = Debug|Any CPU
		{C07D6307-15ED-4112-8A59-ABE1615C1C36}.Debug|x64.Build.0 = Debug|Any CPU
		{C07D6307-15ED-4112-8A59-ABE1615C1C36}.Debug|x86.ActiveCfg = Debug|Any CPU
		{C07D6307-15ED-4112-8A59-ABE1615C1C36}.Debug|x86.Build.0 = Debug|Any CPU
		{C07D6307-15ED-4112-8A59-ABE1615C1C36}.Release|Any CPU.ActiveCfg = Release|Any CPU
		{C07D6307-15ED-4112-8A59-ABE1615C1C36}.Release|Any CPU.Build.0 = Release|Any CPU
		{C07D6307-15ED-4112-8A59-ABE1615C1C36}.Release|x64.ActiveCfg = Release|Any CPU
		{C07D6307-15ED-4112-8A59-ABE1615C1C36}.Release|x64.Build.0 = Release|Any CPU
		{C07D6307-15ED-4112-8A59-ABE1615C1C36}.Release|x86.ActiveCfg = Release|Any CPU
		{C07D6307-15ED-4112-8A59-ABE1615C1C36}.Release|x86.Build.0 = Release|Any CPU
		{CE9F71CA-24BE-4593-BA3C-56B7CD111EDC}.Debug|Any CPU.ActiveCfg = Debug|Any CPU
		{CE9F71CA-24BE-4593-BA3C-56B7CD111EDC}.Debug|Any CPU.Build.0 = Debug|Any CPU
		{CE9F71CA-24BE-4593-BA3C-56B7CD111EDC}.Debug|x64.ActiveCfg = Debug|Any CPU
		{CE9F71CA-24BE-4593-BA3C-56B7CD111EDC}.Debug|x64.Build.0 = Debug|Any CPU
		{CE9F71CA-24BE-4593-BA3C-56B7CD111EDC}.Debug|x86.ActiveCfg = Debug|Any CPU
		{CE9F71CA-24BE-4593-BA3C-56B7CD111EDC}.Debug|x86.Build.0 = Debug|Any CPU
		{CE9F71CA-24BE-4593-BA3C-56B7CD111EDC}.Release|Any CPU.ActiveCfg = Release|Any CPU
		{CE9F71CA-24BE-4593-BA3C-56B7CD111EDC}.Release|Any CPU.Build.0 = Release|Any CPU
		{CE9F71CA-24BE-4593-BA3C-56B7CD111EDC}.Release|x64.ActiveCfg = Release|Any CPU
		{CE9F71CA-24BE-4593-BA3C-56B7CD111EDC}.Release|x64.Build.0 = Release|Any CPU
		{CE9F71CA-24BE-4593-BA3C-56B7CD111EDC}.Release|x86.ActiveCfg = Release|Any CPU
		{CE9F71CA-24BE-4593-BA3C-56B7CD111EDC}.Release|x86.Build.0 = Release|Any CPU
		{37A03D02-00FC-424D-85CC-8B5F749FFC59}.Debug|Any CPU.ActiveCfg = Debug|Any CPU
		{37A03D02-00FC-424D-85CC-8B5F749FFC59}.Debug|Any CPU.Build.0 = Debug|Any CPU
		{37A03D02-00FC-424D-85CC-8B5F749FFC59}.Debug|x64.ActiveCfg = Debug|Any CPU
		{37A03D02-00FC-424D-85CC-8B5F749FFC59}.Debug|x64.Build.0 = Debug|Any CPU
		{37A03D02-00FC-424D-85CC-8B5F749FFC59}.Debug|x86.ActiveCfg = Debug|Any CPU
		{37A03D02-00FC-424D-85CC-8B5F749FFC59}.Debug|x86.Build.0 = Debug|Any CPU
		{37A03D02-00FC-424D-85CC-8B5F749FFC59}.Release|Any CPU.ActiveCfg = Release|Any CPU
		{37A03D02-00FC-424D-85CC-8B5F749FFC59}.Release|Any CPU.Build.0 = Release|Any CPU
		{37A03D02-00FC-424D-85CC-8B5F749FFC59}.Release|x64.ActiveCfg = Release|Any CPU
		{37A03D02-00FC-424D-85CC-8B5F749FFC59}.Release|x64.Build.0 = Release|Any CPU
		{37A03D02-00FC-424D-85CC-8B5F749FFC59}.Release|x86.ActiveCfg = Release|Any CPU
		{37A03D02-00FC-424D-85CC-8B5F749FFC59}.Release|x86.Build.0 = Release|Any CPU
		{675CB128-7A60-442D-8941-BBCF33A4715E}.Debug|Any CPU.ActiveCfg = Debug|Any CPU
		{675CB128-7A60-442D-8941-BBCF33A4715E}.Debug|Any CPU.Build.0 = Debug|Any CPU
		{675CB128-7A60-442D-8941-BBCF33A4715E}.Debug|x64.ActiveCfg = Debug|Any CPU
		{675CB128-7A60-442D-8941-BBCF33A4715E}.Debug|x64.Build.0 = Debug|Any CPU
		{675CB128-7A60-442D-8941-BBCF33A4715E}.Debug|x86.ActiveCfg = Debug|Any CPU
		{675CB128-7A60-442D-8941-BBCF33A4715E}.Debug|x86.Build.0 = Debug|Any CPU
		{675CB128-7A60-442D-8941-BBCF33A4715E}.Release|Any CPU.ActiveCfg = Release|Any CPU
		{675CB128-7A60-442D-8941-BBCF33A4715E}.Release|Any CPU.Build.0 = Release|Any CPU
		{675CB128-7A60-442D-8941-BBCF33A4715E}.Release|x64.ActiveCfg = Release|Any CPU
		{675CB128-7A60-442D-8941-BBCF33A4715E}.Release|x64.Build.0 = Release|Any CPU
		{675CB128-7A60-442D-8941-BBCF33A4715E}.Release|x86.ActiveCfg = Release|Any CPU
		{675CB128-7A60-442D-8941-BBCF33A4715E}.Release|x86.Build.0 = Release|Any CPU
		{B90A3BFA-ED66-4F7C-9609-2750DF9B2774}.Debug|Any CPU.ActiveCfg = Debug|Any CPU
		{B90A3BFA-ED66-4F7C-9609-2750DF9B2774}.Debug|Any CPU.Build.0 = Debug|Any CPU
		{B90A3BFA-ED66-4F7C-9609-2750DF9B2774}.Debug|x64.ActiveCfg = Debug|Any CPU
		{B90A3BFA-ED66-4F7C-9609-2750DF9B2774}.Debug|x64.Build.0 = Debug|Any CPU
		{B90A3BFA-ED66-4F7C-9609-2750DF9B2774}.Debug|x86.ActiveCfg = Debug|Any CPU
		{B90A3BFA-ED66-4F7C-9609-2750DF9B2774}.Debug|x86.Build.0 = Debug|Any CPU
		{B90A3BFA-ED66-4F7C-9609-2750DF9B2774}.Release|Any CPU.ActiveCfg = Release|Any CPU
		{B90A3BFA-ED66-4F7C-9609-2750DF9B2774}.Release|Any CPU.Build.0 = Release|Any CPU
		{B90A3BFA-ED66-4F7C-9609-2750DF9B2774}.Release|x64.ActiveCfg = Release|Any CPU
		{B90A3BFA-ED66-4F7C-9609-2750DF9B2774}.Release|x64.Build.0 = Release|Any CPU
		{B90A3BFA-ED66-4F7C-9609-2750DF9B2774}.Release|x86.ActiveCfg = Release|Any CPU
		{B90A3BFA-ED66-4F7C-9609-2750DF9B2774}.Release|x86.Build.0 = Release|Any CPU
		{60683C5A-C88D-4BFF-9929-89A9A1906759}.Debug|Any CPU.ActiveCfg = Debug|Any CPU
		{60683C5A-C88D-4BFF-9929-89A9A1906759}.Debug|Any CPU.Build.0 = Debug|Any CPU
		{60683C5A-C88D-4BFF-9929-89A9A1906759}.Debug|x64.ActiveCfg = Debug|Any CPU
		{60683C5A-C88D-4BFF-9929-89A9A1906759}.Debug|x64.Build.0 = Debug|Any CPU
		{60683C5A-C88D-4BFF-9929-89A9A1906759}.Debug|x86.ActiveCfg = Debug|Any CPU
		{60683C5A-C88D-4BFF-9929-89A9A1906759}.Debug|x86.Build.0 = Debug|Any CPU
		{60683C5A-C88D-4BFF-9929-89A9A1906759}.Release|Any CPU.ActiveCfg = Release|Any CPU
		{60683C5A-C88D-4BFF-9929-89A9A1906759}.Release|Any CPU.Build.0 = Release|Any CPU
		{60683C5A-C88D-4BFF-9929-89A9A1906759}.Release|x64.ActiveCfg = Release|Any CPU
		{60683C5A-C88D-4BFF-9929-89A9A1906759}.Release|x64.Build.0 = Release|Any CPU
		{60683C5A-C88D-4BFF-9929-89A9A1906759}.Release|x86.ActiveCfg = Release|Any CPU
		{60683C5A-C88D-4BFF-9929-89A9A1906759}.Release|x86.Build.0 = Release|Any CPU
	EndGlobalSection
EndGlobal
